
Microsoft Visual Studio Solution File, Format Version 12.00
# Visual Studio Version 17
VisualStudioVersion = 17.4.33213.308
MinimumVisualStudioVersion = 10.0.40219.1
Project("{FAE04EC0-301F-11D3-BF4B-00C04F79EFBC}") = "Game of life", "Game of life\Game of life.csproj", "{E7B969D3-61DC-460D-8D60-0F705C5004D9}"
EndProject
Global
	GlobalSection(SolutionConfigurationPlatforms) = preSolution
		Debug|Any CPU = Debug|Any CPU
		Release|Any CPU = Release|Any CPU
	EndGlobalSection
	GlobalSection(ProjectConfigurationPlatforms) = postSolution
		{E7B969D3-61DC-460D-8D60-0F705C5004D9}.Debug|Any CPU.ActiveCfg = Debug|Any CPU
		{E7B969D3-61DC-460D-8D60-0F705C5004D9}.Debug|Any CPU.Build.0 = Debug|Any CPU
		{E7B969D3-61DC-460D-8D60-0F705C5004D9}.Release|Any CPU.ActiveCfg = Release|Any CPU
		{E7B969D3-61DC-460D-8D60-0F705C5004D9}.Release|Any CPU.Build.0 = Release|Any CPU
	EndGlobalSection
	GlobalSection(SolutionProperties) = preSolution
		HideSolutionNode = FALSE
	EndGlobalSection
	GlobalSection(ExtensibilityGlobals) = postSolution
		SolutionGuid = {6725FDAD-261D-4C09-ABE7-0DD6FC88F658}
	EndGlobalSection
EndGlobal
