
Microsoft Visual Studio Solution File, Format Version 12.00
# Visual Studio Version 17
VisualStudioVersion = 17.4.33213.308
MinimumVisualStudioVersion = 10.0.40219.1
Project("{FAE04EC0-301F-11D3-BF4B-00C04F79EFBC}") = "WindowsFormsApp1", "WindowsFormsApp1\WindowsFormsApp1.csproj", "{BBC8D1F4-1D5F-45AE-95FB-D8E9FC19DFC5}"
EndProject
Global
	GlobalSection(SolutionConfigurationPlatforms) = preSolution
		Debug|Any CPU = Debug|Any CPU
		Release|Any CPU = Release|Any CPU
	EndGlobalSection
	GlobalSection(ProjectConfigurationPlatforms) = postSolution
		{BBC8D1F4-1D5F-45AE-95FB-D8E9FC19DFC5}.Debug|Any CPU.ActiveCfg = Debug|Any CPU
		{BBC8D1F4-1D5F-45AE-95FB-D8E9FC19DFC5}.Debug|Any CPU.Build.0 = Debug|Any CPU
		{BBC8D1F4-1D5F-45AE-95FB-D8E9FC19DFC5}.Release|Any CPU.ActiveCfg = Release|Any CPU
		{BBC8D1F4-1D5F-45AE-95FB-D8E9FC19DFC5}.Release|Any CPU.Build.0 = Release|Any CPU
	EndGlobalSection
	GlobalSection(SolutionProperties) = preSolution
		HideSolutionNode = FALSE
	EndGlobalSection
	GlobalSection(ExtensibilityGlobals) = postSolution
		SolutionGuid = {143C6DD9-4233-45D0-9E2F-3436352A6A74}
	EndGlobalSection
EndGlobal
